{
  "name": "@openfeature/dotenv-provider",
  "version": "0.0.1",
  "lockfileVersion": 2,
  "requires": true,
  "packages": {
    "": {
      "name": "@openfeature/dotenv-provider",
      "version": "0.0.1",
      "dependencies": {
        "dotenv": "^16.0.3"
      },
      "peerDependencies": {
        "@openfeature/js-sdk": "^1.0.0"
      }
    },
    "node_modules/@openfeature/js-sdk": {
      "version": "1.0.0",
      "resolved": "https://registry.npmjs.org/@openfeature/js-sdk/-/js-sdk-1.0.0.tgz",
      "integrity": "sha512-kVFMgMk2xo4cH2tdiGn0ZjsE4BqtgJ2+U0nTNzYiTPp3B31qzca2QB9FDyw4z+dlWTJi5mhKc6sIlL8ON9nuTw==",
      "peer": true,
      "engines": {
        "node": ">=14"
      }
    },
    "node_modules/dotenv": {
      "version": "16.0.3",
      "resolved": "https://registry.npmjs.org/dotenv/-/dotenv-16.0.3.tgz",
      "integrity": "sha512-7GO6HghkA5fYG9TYnNxi14/7K9f5occMlp3zXAuSxn7CKCxt9xbNWG7yF8hTCSUchlfWSe3uLmlPfigevRItzQ==",
      "engines": {
        "node": ">=12"
      }
    }
  },
  "dependencies": {
    "@openfeature/js-sdk": {
      "version": "1.0.0",
      "resolved": "https://registry.npmjs.org/@openfeature/js-sdk/-/js-sdk-1.0.0.tgz",
      "integrity": "sha512-kVFMgMk2xo4cH2tdiGn0ZjsE4BqtgJ2+U0nTNzYiTPp3B31qzca2QB9FDyw4z+dlWTJi5mhKc6sIlL8ON9nuTw==",
      "peer": true
    },
    "dotenv": {
      "version": "16.0.3",
      "resolved": "https://registry.npmjs.org/dotenv/-/dotenv-16.0.3.tgz",
      "integrity": "sha512-7GO6HghkA5fYG9TYnNxi14/7K9f5occMlp3zXAuSxn7CKCxt9xbNWG7yF8hTCSUchlfWSe3uLmlPfigevRItzQ=="
    }
  }
}
